
Microsoft Visual Studio Solution File, Format Version 12.00
# Visual Studio 15
VisualStudioVersion = 15.0.28307.421
MinimumVisualStudioVersion = 10.0.40219.1
Project("{FAE04EC0-301F-11D3-BF4B-00C04F79EFBC}") = "FiniteElementMethod", "FiniteElementMethod\FiniteElementMethod.csproj", "{2E693EF4-28B2-4EC0-9CB8-DF4481338DD6}"
EndProject
Project("{FAE04EC0-301F-11D3-BF4B-00C04F79EFBC}") = "MainProgram", "MainProgram\MainProgram.csproj", "{F50A7E64-4EC4-45AF-8CBC-F01BE3009373}"
EndProject
Global
	GlobalSection(SolutionConfigurationPlatforms) = preSolution
		Debug|Any CPU = Debug|Any CPU
		Release|Any CPU = Release|Any CPU
	EndGlobalSection
	GlobalSection(ProjectConfigurationPlatforms) = postSolution
		{2E693EF4-28B2-4EC0-9CB8-DF4481338DD6}.Debug|Any CPU.ActiveCfg = Debug|Any CPU
		{2E693EF4-28B2-4EC0-9CB8-DF4481338DD6}.Debug|Any CPU.Build.0 = Debug|Any CPU
		{2E693EF4-28B2-4EC0-9CB8-DF4481338DD6}.Release|Any CPU.ActiveCfg = Release|Any CPU
		{2E693EF4-28B2-4EC0-9CB8-DF4481338DD6}.Release|Any CPU.Build.0 = Release|Any CPU
		{F50A7E64-4EC4-45AF-8CBC-F01BE3009373}.Debug|Any CPU.ActiveCfg = Debug|Any CPU
		{F50A7E64-4EC4-45AF-8CBC-F01BE3009373}.Debug|Any CPU.Build.0 = Debug|Any CPU
		{F50A7E64-4EC4-45AF-8CBC-F01BE3009373}.Release|Any CPU.ActiveCfg = Release|Any CPU
		{F50A7E64-4EC4-45AF-8CBC-F01BE3009373}.Release|Any CPU.Build.0 = Release|Any CPU
	EndGlobalSection
	GlobalSection(SolutionProperties) = preSolution
		HideSolutionNode = FALSE
	EndGlobalSection
	GlobalSection(ExtensibilityGlobals) = postSolution
		SolutionGuid = {5355AE3A-CDB9-4377-90E7-9082A6EC6585}
	EndGlobalSection
EndGlobal
